
Microsoft Visual Studio Solution File, Format Version 12.00
# Visual Studio Version 16
VisualStudioVersion = 16.0.30011.22
MinimumVisualStudioVersion = 10.0.40219.1
Project("{F184B08F-C81C-45F6-A57F-5ABD9991F28F}") = "BMS-Blinds", "BMS-Blinds.vbproj", "{6CA6103B-1BA6-4171-B8E5-922B5BDFB7EB}"
EndProject
Global
	GlobalSection(SolutionConfigurationPlatforms) = preSolution
		Debug|Any CPU = Debug|Any CPU
		Release|Any CPU = Release|Any CPU
	EndGlobalSection
	GlobalSection(ProjectConfigurationPlatforms) = postSolution
		{6CA6103B-1BA6-4171-B8E5-922B5BDFB7EB}.Debug|Any CPU.ActiveCfg = Debug|Any CPU
		{6CA6103B-1BA6-4171-B8E5-922B5BDFB7EB}.Debug|Any CPU.Build.0 = Debug|Any CPU
		{6CA6103B-1BA6-4171-B8E5-922B5BDFB7EB}.Release|Any CPU.ActiveCfg = Release|Any CPU
		{6CA6103B-1BA6-4171-B8E5-922B5BDFB7EB}.Release|Any CPU.Build.0 = Release|Any CPU
	EndGlobalSection
	GlobalSection(SolutionProperties) = preSolution
		HideSolutionNode = FALSE
	EndGlobalSection
	GlobalSection(ExtensibilityGlobals) = postSolution
		SolutionGuid = {5B8B612F-E2F0-4629-9442-04C038CC120E}
	EndGlobalSection
EndGlobal
